
Microsoft Visual Studio Solution File, Format Version 12.00
# Visual Studio Version 17
VisualStudioVersion = 17.11.35327.3
MinimumVisualStudioVersion = 10.0.40219.1
Project("{FAE04EC0-301F-11D3-BF4B-00C04F79EFBC}") = "DotNetDelegats", "DotNetDelegats\DotNetDelegats.csproj", "{0BE53E0F-84DE-4B76-9A49-DAFD21DEE6F4}"
EndProject
Global
	GlobalSection(SolutionConfigurationPlatforms) = preSolution
		Debug|Any CPU = Debug|Any CPU
		Release|Any CPU = Release|Any CPU
	EndGlobalSection
	GlobalSection(ProjectConfigurationPlatforms) = postSolution
		{0BE53E0F-84DE-4B76-9A49-DAFD21DEE6F4}.Debug|Any CPU.ActiveCfg = Debug|Any CPU
		{0BE53E0F-84DE-4B76-9A49-DAFD21DEE6F4}.Debug|Any CPU.Build.0 = Debug|Any CPU
		{0BE53E0F-84DE-4B76-9A49-DAFD21DEE6F4}.Release|Any CPU.ActiveCfg = Release|Any CPU
		{0BE53E0F-84DE-4B76-9A49-DAFD21DEE6F4}.Release|Any CPU.Build.0 = Release|Any CPU
	EndGlobalSection
	GlobalSection(SolutionProperties) = preSolution
		HideSolutionNode = FALSE
	EndGlobalSection
	GlobalSection(ExtensibilityGlobals) = postSolution
		SolutionGuid = {01658FA4-885B-44FC-BE48-D4CEA94B7BCE}
	EndGlobalSection
EndGlobal
